
Microsoft Visual Studio Solution File, Format Version 12.00
# Visual Studio 2013
VisualStudioVersion = 12.0.30723.0
MinimumVisualStudioVersion = 10.0.40219.1
Project("{FAE04EC0-301F-11D3-BF4B-00C04F79EFBC}") = "Tests", "Tests\Tests.csproj", "{0E77A2F6-ABCA-4AD5-A95D-3FD0D49F1F14}"
EndProject
Project("{FAE04EC0-301F-11D3-BF4B-00C04F79EFBC}") = "Model", "Model\Model.csproj", "{3615AC22-6324-4FF0-AD30-37E3CD27F5E8}"
EndProject
Project("{FAE04EC0-301F-11D3-BF4B-00C04F79EFBC}") = "WinFormsUI", "WinFormsUI\WinFormsUI.csproj", "{722EA6A1-9EFD-4CE4-884A-C11128C5C778}"
EndProject
Global
	GlobalSection(SolutionConfigurationPlatforms) = preSolution
		Debug|Any CPU = Debug|Any CPU
		Release|Any CPU = Release|Any CPU
	EndGlobalSection
	GlobalSection(ProjectConfigurationPlatforms) = postSolution
		{0E77A2F6-ABCA-4AD5-A95D-3FD0D49F1F14}.Debug|Any CPU.ActiveCfg = Debug|Any CPU
		{0E77A2F6-ABCA-4AD5-A95D-3FD0D49F1F14}.Debug|Any CPU.Build.0 = Debug|Any CPU
		{0E77A2F6-ABCA-4AD5-A95D-3FD0D49F1F14}.Release|Any CPU.ActiveCfg = Release|Any CPU
		{0E77A2F6-ABCA-4AD5-A95D-3FD0D49F1F14}.Release|Any CPU.Build.0 = Release|Any CPU
		{3615AC22-6324-4FF0-AD30-37E3CD27F5E8}.Debug|Any CPU.ActiveCfg = Debug|Any CPU
		{3615AC22-6324-4FF0-AD30-37E3CD27F5E8}.Debug|Any CPU.Build.0 = Debug|Any CPU
		{3615AC22-6324-4FF0-AD30-37E3CD27F5E8}.Release|Any CPU.ActiveCfg = Release|Any CPU
		{3615AC22-6324-4FF0-AD30-37E3CD27F5E8}.Release|Any CPU.Build.0 = Release|Any CPU
		{722EA6A1-9EFD-4CE4-884A-C11128C5C778}.Debug|Any CPU.ActiveCfg = Debug|Any CPU
		{722EA6A1-9EFD-4CE4-884A-C11128C5C778}.Debug|Any CPU.Build.0 = Debug|Any CPU
		{722EA6A1-9EFD-4CE4-884A-C11128C5C778}.Release|Any CPU.ActiveCfg = Release|Any CPU
		{722EA6A1-9EFD-4CE4-884A-C11128C5C778}.Release|Any CPU.Build.0 = Release|Any CPU
	EndGlobalSection
	GlobalSection(SolutionProperties) = preSolution
		HideSolutionNode = FALSE
	EndGlobalSection
EndGlobal
